// !$*UTF8*$!
{
	archiveVersion = 1;
	classes = {
	};
	objectVersion = 46;
	objects = {

/* Begin PBXBuildFile section */
		FB290E5A19B37A8B004C83CF /* AudioStream.c in Sources */ = {isa = PBXBuildFile; fileRef = FB290E3619B37A8B004C83CF /* AudioStream.c */; };
		FB290E5B19B37A8B004C83CF /* ByteBuffer.c in Sources */ = {isa = PBXBuildFile; fileRef = FB290E3719B37A8B004C83CF /* ByteBuffer.c */; };
		FB290E5C19B37A8B004C83CF /* ByteBuffer.h in Headers */ = {isa = PBXBuildFile; fileRef = FB290E3819B37A8B004C83CF /* ByteBuffer.h */; };
		FB290E5D19B37A8B004C83CF /* Connection.c in Sources */ = {isa = PBXBuildFile; fileRef = FB290E3919B37A8B004C83CF /* Connection.c */; };
		FB290E5E19B37A8B004C83CF /* ControlStream.c in Sources */ = {isa = PBXBuildFile; fileRef = FB290E3A19B37A8B004C83CF /* ControlStream.c */; };
		FB290E5F19B37A8B004C83CF /* Input.h in Headers */ = {isa = PBXBuildFile; fileRef = FB290E3B19B37A8B004C83CF /* Input.h */; };
		FB290E6019B37A8B004C83CF /* InputStream.c in Sources */ = {isa = PBXBuildFile; fileRef = FB290E3C19B37A8B004C83CF /* InputStream.c */; };
		FB290E6119B37A8B004C83CF /* Limelight-internal.h in Headers */ = {isa = PBXBuildFile; fileRef = FB290E3F19B37A8B004C83CF /* Limelight-internal.h */; };
		FB290E6219B37A8B004C83CF /* Limelight.h in Headers */ = {isa = PBXBuildFile; fileRef = FB290E4019B37A8B004C83CF /* Limelight.h */; settings = {ATTRIBUTES = (Public, ); }; };
		FB290E6319B37A8B004C83CF /* LinkedBlockingQueue.c in Sources */ = {isa = PBXBuildFile; fileRef = FB290E4119B37A8B004C83CF /* LinkedBlockingQueue.c */; };
		FB290E6419B37A8B004C83CF /* LinkedBlockingQueue.h in Headers */ = {isa = PBXBuildFile; fileRef = FB290E4219B37A8B004C83CF /* LinkedBlockingQueue.h */; };
		FB290E6519B37A8B004C83CF /* oaes_base64.c in Sources */ = {isa = PBXBuildFile; fileRef = FB290E4519B37A8B004C83CF /* oaes_base64.c */; };
		FB290E6619B37A8B004C83CF /* oaes_base64.h in Headers */ = {isa = PBXBuildFile; fileRef = FB290E4619B37A8B004C83CF /* oaes_base64.h */; };
		FB290E6719B37A8B004C83CF /* oaes_common.h in Headers */ = {isa = PBXBuildFile; fileRef = FB290E4719B37A8B004C83CF /* oaes_common.h */; };
		FB290E6819B37A8B004C83CF /* oaes_config.h in Headers */ = {isa = PBXBuildFile; fileRef = FB290E4819B37A8B004C83CF /* oaes_config.h */; };
		FB290E6919B37A8B004C83CF /* oaes_lib.c in Sources */ = {isa = PBXBuildFile; fileRef = FB290E4919B37A8B004C83CF /* oaes_lib.c */; };
		FB290E6A19B37A8B004C83CF /* oaes_lib.h in Headers */ = {isa = PBXBuildFile; fileRef = FB290E4A19B37A8B004C83CF /* oaes_lib.h */; };
		FB290E6B19B37A8B004C83CF /* Platform.h in Headers */ = {isa = PBXBuildFile; fileRef = FB290E4D19B37A8B004C83CF /* Platform.h */; };
		FB290E6C19B37A8B004C83CF /* PlatformSockets.c in Sources */ = {isa = PBXBuildFile; fileRef = FB290E4E19B37A8B004C83CF /* PlatformSockets.c */; };
		FB290E6D19B37A8B004C83CF /* PlatformSockets.h in Headers */ = {isa = PBXBuildFile; fileRef = FB290E4F19B37A8B004C83CF /* PlatformSockets.h */; };
		FB290E6E19B37A8B004C83CF /* PlatformThreads.c in Sources */ = {isa = PBXBuildFile; fileRef = FB290E5019B37A8B004C83CF /* PlatformThreads.c */; };
		FB290E6F19B37A8B004C83CF /* PlatformThreads.h in Headers */ = {isa = PBXBuildFile; fileRef = FB290E5119B37A8B004C83CF /* PlatformThreads.h */; };
		FB290E7019B37A8B004C83CF /* Rtsp.h in Headers */ = {isa = PBXBuildFile; fileRef = FB290E5219B37A8B004C83CF /* Rtsp.h */; };
		FB290E7119B37A8B004C83CF /* RtspConnection.c in Sources */ = {isa = PBXBuildFile; fileRef = FB290E5319B37A8B004C83CF /* RtspConnection.c */; };
		FB290E7219B37A8B004C83CF /* RtspParser.c in Sources */ = {isa = PBXBuildFile; fileRef = FB290E5419B37A8B004C83CF /* RtspParser.c */; };
		FB290E7319B37A8B004C83CF /* SdpGenerator.c in Sources */ = {isa = PBXBuildFile; fileRef = FB290E5519B37A8B004C83CF /* SdpGenerator.c */; };
		FB290E7419B37A8B004C83CF /* Video.h in Headers */ = {isa = PBXBuildFile; fileRef = FB290E5619B37A8B004C83CF /* Video.h */; };
		FB290E7519B37A8B004C83CF /* VideoDepacketizer.c in Sources */ = {isa = PBXBuildFile; fileRef = FB290E5719B37A8B004C83CF /* VideoDepacketizer.c */; };
		FB290E7619B37A8B004C83CF /* VideoStream.c in Sources */ = {isa = PBXBuildFile; fileRef = FB290E5819B37A8B004C83CF /* VideoStream.c */; };
/* End PBXBuildFile section */

/* Begin PBXFileReference section */
		FB290E2E19B37A4E004C83CF /* liblimelight-common.a */ = {isa = PBXFileReference; explicitFileType = archive.ar; includeInIndex = 0; path = "liblimelight-common.a"; sourceTree = BUILT_PRODUCTS_DIR; };
		FB290E3619B37A8B004C83CF /* AudioStream.c */ = {isa = PBXFileReference; fileEncoding = 4; lastKnownFileType = sourcecode.c.c; path = AudioStream.c; sourceTree = "<group>"; };
		FB290E3719B37A8B004C83CF /* ByteBuffer.c */ = {isa = PBXFileReference; fileEncoding = 4; lastKnownFileType = sourcecode.c.c; path = ByteBuffer.c; sourceTree = "<group>"; };
		FB290E3819B37A8B004C83CF /* ByteBuffer.h */ = {isa = PBXFileReference; fileEncoding = 4; lastKnownFileType = sourcecode.c.h; path = ByteBuffer.h; sourceTree = "<group>"; };
		FB290E3919B37A8B004C83CF /* Connection.c */ = {isa = PBXFileReference; fileEncoding = 4; lastKnownFileType = sourcecode.c.c; path = Connection.c; sourceTree = "<group>"; };
		FB290E3A19B37A8B004C83CF /* ControlStream.c */ = {isa = PBXFileReference; fileEncoding = 4; lastKnownFileType = sourcecode.c.c; path = ControlStream.c; sourceTree = "<group>"; };
		FB290E3B19B37A8B004C83CF /* Input.h */ = {isa = PBXFileReference; fileEncoding = 4; lastKnownFileType = sourcecode.c.h; path = Input.h; sourceTree = "<group>"; };
		FB290E3C19B37A8B004C83CF /* InputStream.c */ = {isa = PBXFileReference; fileEncoding = 4; lastKnownFileType = sourcecode.c.c; path = InputStream.c; sourceTree = "<group>"; };
		FB290E3D19B37A8B004C83CF /* limelight-common.vcxproj */ = {isa = PBXFileReference; fileEncoding = 4; lastKnownFileType = text.xml; path = "limelight-common.vcxproj"; sourceTree = "<group>"; };
		FB290E3E19B37A8B004C83CF /* limelight-common.vcxproj.filters */ = {isa = PBXFileReference; fileEncoding = 4; lastKnownFileType = text.xml; path = "limelight-common.vcxproj.filters"; sourceTree = "<group>"; };
		FB290E3F19B37A8B004C83CF /* Limelight-internal.h */ = {isa = PBXFileReference; fileEncoding = 4; lastKnownFileType = sourcecode.c.h; path = "Limelight-internal.h"; sourceTree = "<group>"; };
		FB290E4019B37A8B004C83CF /* Limelight.h */ = {isa = PBXFileReference; fileEncoding = 4; lastKnownFileType = sourcecode.c.h; path = Limelight.h; sourceTree = "<group>"; };
		FB290E4119B37A8B004C83CF /* LinkedBlockingQueue.c */ = {isa = PBXFileReference; fileEncoding = 4; lastKnownFileType = sourcecode.c.c; path = LinkedBlockingQueue.c; sourceTree = "<group>"; };
		FB290E4219B37A8B004C83CF /* LinkedBlockingQueue.h */ = {isa = PBXFileReference; fileEncoding = 4; lastKnownFileType = sourcecode.c.h; path = LinkedBlockingQueue.h; sourceTree = "<group>"; };
		FB290E4419B37A8B004C83CF /* LICENSE */ = {isa = PBXFileReference; fileEncoding = 4; lastKnownFileType = text; path = LICENSE; sourceTree = "<group>"; };
		FB290E4519B37A8B004C83CF /* oaes_base64.c */ = {isa = PBXFileReference; fileEncoding = 4; lastKnownFileType = sourcecode.c.c; path = oaes_base64.c; sourceTree = "<group>"; };
		FB290E4619B37A8B004C83CF /* oaes_base64.h */ = {isa = PBXFileReference; fileEncoding = 4; lastKnownFileType = sourcecode.c.h; path = oaes_base64.h; sourceTree = "<group>"; };
		FB290E4719B37A8B004C83CF /* oaes_common.h */ = {isa = PBXFileReference; fileEncoding = 4; lastKnownFileType = sourcecode.c.h; path = oaes_common.h; sourceTree = "<group>"; };
		FB290E4819B37A8B004C83CF /* oaes_config.h */ = {isa = PBXFileReference; fileEncoding = 4; lastKnownFileType = sourcecode.c.h; path = oaes_config.h; sourceTree = "<group>"; };
		FB290E4919B37A8B004C83CF /* oaes_lib.c */ = {isa = PBXFileReference; fileEncoding = 4; lastKnownFileType = sourcecode.c.c; path = oaes_lib.c; sourceTree = "<group>"; };
		FB290E4A19B37A8B004C83CF /* oaes_lib.h */ = {isa = PBXFileReference; fileEncoding = 4; lastKnownFileType = sourcecode.c.h; path = oaes_lib.h; sourceTree = "<group>"; };
		FB290E4B19B37A8B004C83CF /* README */ = {isa = PBXFileReference; fileEncoding = 4; lastKnownFileType = text; path = README; sourceTree = "<group>"; };
		FB290E4C19B37A8B004C83CF /* VERSION */ = {isa = PBXFileReference; fileEncoding = 4; lastKnownFileType = text; path = VERSION; sourceTree = "<group>"; };
		FB290E4D19B37A8B004C83CF /* Platform.h */ = {isa = PBXFileReference; fileEncoding = 4; lastKnownFileType = sourcecode.c.h; path = Platform.h; sourceTree = "<group>"; };
		FB290E4E19B37A8B004C83CF /* PlatformSockets.c */ = {isa = PBXFileReference; fileEncoding = 4; lastKnownFileType = sourcecode.c.c; path = PlatformSockets.c; sourceTree = "<group>"; };
		FB290E4F19B37A8B004C83CF /* PlatformSockets.h */ = {isa = PBXFileReference; fileEncoding = 4; lastKnownFileType = sourcecode.c.h; path = PlatformSockets.h; sourceTree = "<group>"; };
		FB290E5019B37A8B004C83CF /* PlatformThreads.c */ = {isa = PBXFileReference; fileEncoding = 4; lastKnownFileType = sourcecode.c.c; path = PlatformThreads.c; sourceTree = "<group>"; };
		FB290E5119B37A8B004C83CF /* PlatformThreads.h */ = {isa = PBXFileReference; fileEncoding = 4; lastKnownFileType = sourcecode.c.h; path = PlatformThreads.h; sourceTree = "<group>"; };
		FB290E5219B37A8B004C83CF /* Rtsp.h */ = {isa = PBXFileReference; fileEncoding = 4; lastKnownFileType = sourcecode.c.h; path = Rtsp.h; sourceTree = "<group>"; };
		FB290E5319B37A8B004C83CF /* RtspConnection.c */ = {isa = PBXFileReference; fileEncoding = 4; lastKnownFileType = sourcecode.c.c; path = RtspConnection.c; sourceTree = "<group>"; };
		FB290E5419B37A8B004C83CF /* RtspParser.c */ = {isa = PBXFileReference; fileEncoding = 4; lastKnownFileType = sourcecode.c.c; path = RtspParser.c; sourceTree = "<group>"; };
		FB290E5519B37A8B004C83CF /* SdpGenerator.c */ = {isa = PBXFileReference; fileEncoding = 4; lastKnownFileType = sourcecode.c.c; path = SdpGenerator.c; sourceTree = "<group>"; };
		FB290E5619B37A8B004C83CF /* Video.h */ = {isa = PBXFileReference; fileEncoding = 4; lastKnownFileType = sourcecode.c.h; path = Video.h; sourceTree = "<group>"; };
		FB290E5719B37A8B004C83CF /* VideoDepacketizer.c */ = {isa = PBXFileReference; fileEncoding = 4; lastKnownFileType = sourcecode.c.c; path = VideoDepacketizer.c; sourceTree = "<group>"; };
		FB290E5819B37A8B004C83CF /* VideoStream.c */ = {isa = PBXFileReference; fileEncoding = 4; lastKnownFileType = sourcecode.c.c; path = VideoStream.c; sourceTree = "<group>"; };
		FB290E5919B37A8B004C83CF /* make_fat_lib.sh */ = {isa = PBXFileReference; fileEncoding = 4; lastKnownFileType = text.script.sh; path = make_fat_lib.sh; sourceTree = "<group>"; };
/* End PBXFileReference section */

/* Begin PBXFrameworksBuildPhase section */
		FB290E2B19B37A4E004C83CF /* Frameworks */ = {
			isa = PBXFrameworksBuildPhase;
			buildActionMask = 2147483647;
			files = (
			);
			runOnlyForDeploymentPostprocessing = 0;
		};
/* End PBXFrameworksBuildPhase section */

/* Begin PBXGroup section */
		FB290E2519B37A4E004C83CF = {
			isa = PBXGroup;
			children = (
				FB290E3519B37A8B004C83CF /* limelight-common */,
				FB290E5919B37A8B004C83CF /* make_fat_lib.sh */,
				FB290E2F19B37A4E004C83CF /* Products */,
			);
			sourceTree = "<group>";
		};
		FB290E2F19B37A4E004C83CF /* Products */ = {
			isa = PBXGroup;
			children = (
				FB290E2E19B37A4E004C83CF /* liblimelight-common.a */,
			);
			name = Products;
			sourceTree = "<group>";
		};
		FB290E3519B37A8B004C83CF /* limelight-common */ = {
			isa = PBXGroup;
			children = (
				FB290E3619B37A8B004C83CF /* AudioStream.c */,
				FB290E3719B37A8B004C83CF /* ByteBuffer.c */,
				FB290E3819B37A8B004C83CF /* ByteBuffer.h */,
				FB290E3919B37A8B004C83CF /* Connection.c */,
				FB290E3A19B37A8B004C83CF /* ControlStream.c */,
				FB290E3B19B37A8B004C83CF /* Input.h */,
				FB290E3C19B37A8B004C83CF /* InputStream.c */,
				FB290E3D19B37A8B004C83CF /* limelight-common.vcxproj */,
				FB290E3E19B37A8B004C83CF /* limelight-common.vcxproj.filters */,
				FB290E3F19B37A8B004C83CF /* Limelight-internal.h */,
				FB290E4019B37A8B004C83CF /* Limelight.h */,
				FB290E4119B37A8B004C83CF /* LinkedBlockingQueue.c */,
				FB290E4219B37A8B004C83CF /* LinkedBlockingQueue.h */,
				FB290E4319B37A8B004C83CF /* OpenAES */,
				FB290E4D19B37A8B004C83CF /* Platform.h */,
				FB290E4E19B37A8B004C83CF /* PlatformSockets.c */,
				FB290E4F19B37A8B004C83CF /* PlatformSockets.h */,
				FB290E5019B37A8B004C83CF /* PlatformThreads.c */,
				FB290E5119B37A8B004C83CF /* PlatformThreads.h */,
				FB290E5219B37A8B004C83CF /* Rtsp.h */,
				FB290E5319B37A8B004C83CF /* RtspConnection.c */,
				FB290E5419B37A8B004C83CF /* RtspParser.c */,
				FB290E5519B37A8B004C83CF /* SdpGenerator.c */,
				FB290E5619B37A8B004C83CF /* Video.h */,
				FB290E5719B37A8B004C83CF /* VideoDepacketizer.c */,
				FB290E5819B37A8B004C83CF /* VideoStream.c */,
			);
			path = "limelight-common";
			sourceTree = "<group>";
		};
		FB290E4319B37A8B004C83CF /* OpenAES */ = {
			isa = PBXGroup;
			children = (
				FB290E4419B37A8B004C83CF /* LICENSE */,
				FB290E4519B37A8B004C83CF /* oaes_base64.c */,
				FB290E4619B37A8B004C83CF /* oaes_base64.h */,
				FB290E4719B37A8B004C83CF /* oaes_common.h */,
				FB290E4819B37A8B004C83CF /* oaes_config.h */,
				FB290E4919B37A8B004C83CF /* oaes_lib.c */,
				FB290E4A19B37A8B004C83CF /* oaes_lib.h */,
				FB290E4B19B37A8B004C83CF /* README */,
				FB290E4C19B37A8B004C83CF /* VERSION */,
			);
			path = OpenAES;
			sourceTree = "<group>";
		};
/* End PBXGroup section */

/* Begin PBXHeadersBuildPhase section */
		FB290E2C19B37A4E004C83CF /* Headers */ = {
			isa = PBXHeadersBuildPhase;
			buildActionMask = 2147483647;
			files = (
				FB290E6219B37A8B004C83CF /* Limelight.h in Headers */,
				FB290E7019B37A8B004C83CF /* Rtsp.h in Headers */,
				FB290E6819B37A8B004C83CF /* oaes_config.h in Headers */,
				FB290E6619B37A8B004C83CF /* oaes_base64.h in Headers */,
				FB290E6F19B37A8B004C83CF /* PlatformThreads.h in Headers */,
				FB290E5C19B37A8B004C83CF /* ByteBuffer.h in Headers */,
				FB290E6719B37A8B004C83CF /* oaes_common.h in Headers */,
				FB290E5F19B37A8B004C83CF /* Input.h in Headers */,
				FB290E6A19B37A8B004C83CF /* oaes_lib.h in Headers */,
				FB290E6119B37A8B004C83CF /* Limelight-internal.h in Headers */,
				FB290E6419B37A8B004C83CF /* LinkedBlockingQueue.h in Headers */,
				FB290E6B19B37A8B004C83CF /* Platform.h in Headers */,
				FB290E7419B37A8B004C83CF /* Video.h in Headers */,
				FB290E6D19B37A8B004C83CF /* PlatformSockets.h in Headers */,
			);
			runOnlyForDeploymentPostprocessing = 0;
		};
/* End PBXHeadersBuildPhase section */

/* Begin PBXNativeTarget section */
		FB290E2D19B37A4E004C83CF /* limelight-common */ = {
			isa = PBXNativeTarget;
			buildConfigurationList = FB290E3219B37A4E004C83CF /* Build configuration list for PBXNativeTarget "limelight-common" */;
			buildPhases = (
				FB290E2A19B37A4E004C83CF /* Sources */,
				FB290E2B19B37A4E004C83CF /* Frameworks */,
				FB290E2C19B37A4E004C83CF /* Headers */,
			);
			buildRules = (
			);
			dependencies = (
			);
			name = "limelight-common";
			productName = "limelight-common";
			productReference = FB290E2E19B37A4E004C83CF /* liblimelight-common.a */;
			productType = "com.apple.product-type.library.static";
		};
/* End PBXNativeTarget section */

/* Begin PBXProject section */
		FB290E2619B37A4E004C83CF /* Project object */ = {
			isa = PBXProject;
			attributes = {
				LastUpgradeCheck = 0510;
				ORGANIZATIONNAME = "Limelight Stream";
			};
			buildConfigurationList = FB290E2919B37A4E004C83CF /* Build configuration list for PBXProject "limelight-common" */;
			compatibilityVersion = "Xcode 3.2";
			developmentRegion = English;
			hasScannedForEncodings = 0;
			knownRegions = (
				en,
			);
			mainGroup = FB290E2519B37A4E004C83CF;
			productRefGroup = FB290E2F19B37A4E004C83CF /* Products */;
			projectDirPath = "";
			projectRoot = "";
			targets = (
				FB290E2D19B37A4E004C83CF /* limelight-common */,
			);
		};
/* End PBXProject section */

/* Begin PBXSourcesBuildPhase section */
		FB290E2A19B37A4E004C83CF /* Sources */ = {
			isa = PBXSourcesBuildPhase;
			buildActionMask = 2147483647;
			files = (
				FB290E6E19B37A8B004C83CF /* PlatformThreads.c in Sources */,
				FB290E5D19B37A8B004C83CF /* Connection.c in Sources */,
				FB290E6919B37A8B004C83CF /* oaes_lib.c in Sources */,
				FB290E7219B37A8B004C83CF /* RtspParser.c in Sources */,
				FB290E6C19B37A8B004C83CF /* PlatformSockets.c in Sources */,
				FB290E6519B37A8B004C83CF /* oaes_base64.c in Sources */,
				FB290E6319B37A8B004C83CF /* LinkedBlockingQueue.c in Sources */,
				FB290E7619B37A8B004C83CF /* VideoStream.c in Sources */,
				FB290E5E19B37A8B004C83CF /* ControlStream.c in Sources */,
				FB290E7519B37A8B004C83CF /* VideoDepacketizer.c in Sources */,
				FB290E7119B37A8B004C83CF /* RtspConnection.c in Sources */,
				FB290E7319B37A8B004C83CF /* SdpGenerator.c in Sources */,
				FB290E6019B37A8B004C83CF /* InputStream.c in Sources */,
				FB290E5A19B37A8B004C83CF /* AudioStream.c in Sources */,
				FB290E5B19B37A8B004C83CF /* ByteBuffer.c in Sources */,
			);
			runOnlyForDeploymentPostprocessing = 0;
		};
/* End PBXSourcesBuildPhase section */

/* Begin XCBuildConfiguration section */
		FB290E3019B37A4E004C83CF /* Debug */ = {
			isa = XCBuildConfiguration;
			buildSettings = {
				ALWAYS_SEARCH_USER_PATHS = NO;
				CLANG_CXX_LANGUAGE_STANDARD = "gnu++0x";
				CLANG_CXX_LIBRARY = "libc++";
				CLANG_ENABLE_MODULES = YES;
				CLANG_ENABLE_OBJC_ARC = YES;
				CLANG_WARN_BOOL_CONVERSION = YES;
				CLANG_WARN_CONSTANT_CONVERSION = YES;
				CLANG_WARN_DIRECT_OBJC_ISA_USAGE = YES_ERROR;
				CLANG_WARN_EMPTY_BODY = YES;
				CLANG_WARN_ENUM_CONVERSION = YES;
				CLANG_WARN_INT_CONVERSION = YES;
				CLANG_WARN_OBJC_ROOT_CLASS = YES_ERROR;
				CLANG_WARN__DUPLICATE_METHOD_MATCH = YES;
				COPY_PHASE_STRIP = NO;
				GCC_C_LANGUAGE_STANDARD = gnu99;
				GCC_DYNAMIC_NO_PIC = NO;
				GCC_ENABLE_OBJC_EXCEPTIONS = YES;
				GCC_OPTIMIZATION_LEVEL = 0;
				GCC_PREPROCESSOR_DEFINITIONS = (
					"DEBUG=1",
					"$(inherited)",
				);
				GCC_SYMBOLS_PRIVATE_EXTERN = NO;
				GCC_WARN_64_TO_32_BIT_CONVERSION = YES;
				GCC_WARN_ABOUT_RETURN_TYPE = YES_ERROR;
				GCC_WARN_UNDECLARED_SELECTOR = YES;
				GCC_WARN_UNINITIALIZED_AUTOS = YES_AGGRESSIVE;
				GCC_WARN_UNUSED_FUNCTION = YES;
				GCC_WARN_UNUSED_VARIABLE = YES;
				MACOSX_DEPLOYMENT_TARGET = 10.10;
				ONLY_ACTIVE_ARCH = YES;
				SDKROOT = macosx;
			};
			name = Debug;
		};
		FB290E3119B37A4E004C83CF /* Release */ = {
			isa = XCBuildConfiguration;
			buildSettings = {
				ALWAYS_SEARCH_USER_PATHS = NO;
				CLANG_CXX_LANGUAGE_STANDARD = "gnu++0x";
				CLANG_CXX_LIBRARY = "libc++";
				CLANG_ENABLE_MODULES = YES;
				CLANG_ENABLE_OBJC_ARC = YES;
				CLANG_WARN_BOOL_CONVERSION = YES;
				CLANG_WARN_CONSTANT_CONVERSION = YES;
				CLANG_WARN_DIRECT_OBJC_ISA_USAGE = YES_ERROR;
				CLANG_WARN_EMPTY_BODY = YES;
				CLANG_WARN_ENUM_CONVERSION = YES;
				CLANG_WARN_INT_CONVERSION = YES;
				CLANG_WARN_OBJC_ROOT_CLASS = YES_ERROR;
				CLANG_WARN__DUPLICATE_METHOD_MATCH = YES;
				COPY_PHASE_STRIP = YES;
				DEBUG_INFORMATION_FORMAT = "dwarf-with-dsym";
				ENABLE_NS_ASSERTIONS = NO;
				GCC_C_LANGUAGE_STANDARD = gnu99;
				GCC_ENABLE_OBJC_EXCEPTIONS = YES;
				GCC_WARN_64_TO_32_BIT_CONVERSION = YES;
				GCC_WARN_ABOUT_RETURN_TYPE = YES_ERROR;
				GCC_WARN_UNDECLARED_SELECTOR = YES;
				GCC_WARN_UNINITIALIZED_AUTOS = YES_AGGRESSIVE;
				GCC_WARN_UNUSED_FUNCTION = YES;
				GCC_WARN_UNUSED_VARIABLE = YES;
				MACOSX_DEPLOYMENT_TARGET = 10.10;
				SDKROOT = macosx;
			};
			name = Release;
		};
		FB290E3319B37A4E004C83CF /* Debug */ = {
			isa = XCBuildConfiguration;
			buildSettings = {
				EXECUTABLE_PREFIX = lib;
				ONLY_ACTIVE_ARCH = NO;
				PRODUCT_NAME = "$(TARGET_NAME)";
				SDKROOT = iphoneos;
				SUPPORTED_PLATFORMS = "iphonesimulator iphoneos";
			};
			name = Debug;
		};
		FB290E3419B37A4E004C83CF /* Release */ = {
			isa = XCBuildConfiguration;
			buildSettings = {
				EXECUTABLE_PREFIX = lib;
				ONLY_ACTIVE_ARCH = NO;
				PRODUCT_NAME = "$(TARGET_NAME)";
				SDKROOT = iphoneos;
				SUPPORTED_PLATFORMS = "iphonesimulator iphoneos";
			};
			name = Release;
		};
/* End XCBuildConfiguration section */

/* Begin XCConfigurationList section */
		FB290E2919B37A4E004C83CF /* Build configuration list for PBXProject "limelight-common" */ = {
			isa = XCConfigurationList;
			buildConfigurations = (
				FB290E3019B37A4E004C83CF /* Debug */,
				FB290E3119B37A4E004C83CF /* Release */,
			);
			defaultConfigurationIsVisible = 0;
			defaultConfigurationName = Release;
		};
		FB290E3219B37A4E004C83CF /* Build configuration list for PBXNativeTarget "limelight-common" */ = {
			isa = XCConfigurationList;
			buildConfigurations = (
				FB290E3319B37A4E004C83CF /* Debug */,
				FB290E3419B37A4E004C83CF /* Release */,
			);
			defaultConfigurationIsVisible = 0;
			defaultConfigurationName = Release;
		};
/* End XCConfigurationList section */
	};
	rootObject = FB290E2619B37A4E004C83CF /* Project object */;
}
